
Microsoft Visual Studio Solution File, Format Version 12.00
# Visual Studio 15
VisualStudioVersion = 15.0.27428.2037
MinimumVisualStudioVersion = 10.0.40219.1
Project("{FAE04EC0-301F-11D3-BF4B-00C04F79EFBC}") = "DZIInf-11v-11", "DZIInf-11v-11\DZIInf-11v-11.csproj", "{01E951DB-4216-44E2-B077-E8CD960C3DDB}"
EndProject
Global
	GlobalSection(SolutionConfigurationPlatforms) = preSolution
		Debug|Any CPU = Debug|Any CPU
		Release|Any CPU = Release|Any CPU
	EndGlobalSection
	GlobalSection(ProjectConfigurationPlatforms) = postSolution
		{01E951DB-4216-44E2-B077-E8CD960C3DDB}.Debug|Any CPU.ActiveCfg = Debug|Any CPU
		{01E951DB-4216-44E2-B077-E8CD960C3DDB}.Debug|Any CPU.Build.0 = Debug|Any CPU
		{01E951DB-4216-44E2-B077-E8CD960C3DDB}.Release|Any CPU.ActiveCfg = Release|Any CPU
		{01E951DB-4216-44E2-B077-E8CD960C3DDB}.Release|Any CPU.Build.0 = Release|Any CPU
	EndGlobalSection
	GlobalSection(SolutionProperties) = preSolution
		HideSolutionNode = FALSE
	EndGlobalSection
	GlobalSection(ExtensibilityGlobals) = postSolution
		SolutionGuid = {863A8154-96F9-444B-9696-FA838CDC25A9}
	EndGlobalSection
EndGlobal
