
Microsoft Visual Studio Solution File, Format Version 12.00
# Visual Studio Version 17
VisualStudioVersion = 17.9.34607.119
MinimumVisualStudioVersion = 10.0.40219.1
Project("{FAE04EC0-301F-11D3-BF4B-00C04F79EFBC}") = "BigInt", "BigInt\BigInt.csproj", "{BB5E2BE3-CB63-4203-8522-409BAC825FE2}"
EndProject
Global
	GlobalSection(SolutionConfigurationPlatforms) = preSolution
		Debug|Any CPU = Debug|Any CPU
		Release|Any CPU = Release|Any CPU
	EndGlobalSection
	GlobalSection(ProjectConfigurationPlatforms) = postSolution
		{BB5E2BE3-CB63-4203-8522-409BAC825FE2}.Debug|Any CPU.ActiveCfg = Debug|Any CPU
		{BB5E2BE3-CB63-4203-8522-409BAC825FE2}.Debug|Any CPU.Build.0 = Debug|Any CPU
		{BB5E2BE3-CB63-4203-8522-409BAC825FE2}.Release|Any CPU.ActiveCfg = Release|Any CPU
		{BB5E2BE3-CB63-4203-8522-409BAC825FE2}.Release|Any CPU.Build.0 = Release|Any CPU
	EndGlobalSection
	GlobalSection(SolutionProperties) = preSolution
		HideSolutionNode = FALSE
	EndGlobalSection
	GlobalSection(ExtensibilityGlobals) = postSolution
		SolutionGuid = {F2066AC6-313C-4688-B65F-B3E457C3830C}
	EndGlobalSection
EndGlobal
